{
    "_meta": {
        "hash": {
            "sha256": "b39ee8ae21c2b39de074a928963596d3a8219d25da4417bf788b2f26aa935291"
        },
        "pipfile-spec": 6,
        "requires": {
            "python_version": "3.7"
        },
        "sources": [
            {
                "name": "pypi",
                "url": "https://pypi.org/simple",
                "verify_ssl": true
            }
        ]
    },
    "default": {
        "pyobjc-core": {
            "hashes": [
                "sha256:0db8a392c20999c1ecceaf4fe020120e08f701da3e450ae1a44db89395a2ca14",
                "sha256:15cafa04fe87e356fb098651ac9cb649053a3e90c9b33ba6069c1b4caf12b923",
                "sha256:36806db4ec71629248747d044c45b227b43a3278db9c872ae99fa0fd2f598ce9",
                "sha256:4b2fe2973fbd72c435d90e150d59f8d3a3b96bdd86f3a270c7762ddb3a739ef6",
                "sha256:5316d36a0d4faa7add3c36a32df57074bd9718a813db1bae9149f763532353ab",
                "sha256:644c2a87622456f404f2f0042e2e58dde3f5f603fee7120846cb7d59a1bc877e",
                "sha256:9f1182614803255d25ca6fc7c6c69b5a329bfb1c3db0d2dedf76ab726310a4c6",
                "sha256:ce30699a4f0b7d757e06aeba564f25ad09a54174eefdb1a53f917fca4ea17f97",
                "sha256:db8836da2401e63d8bdaff7052fdc6113b7527d12d84e58fe075e69ff590e8fd"
            ],
            "version": "==5.1.2"
        },
        "pyobjc-framework-cocoa": {
            "hashes": [
                "sha256:0ca2487d29a7e5392fa15f18643e79c001c1f55722e6b5287f4b0dc00c9bf9e4",
                "sha256:3df2ccfd602ee9bc5a208c35b7d592af5a54347ad4bd82e12c200ed667f06c22",
                "sha256:43e11210ec5175b64bd8bd7db2ac9c83a4384ea7ac924f993c59b373bd95c207",
                "sha256:83bf1d2c9ce0c767646646b353575fb971e5bf1ce634d58ce97ef5a1564bc4cc",
                "sha256:89d1126c16df70f9f07b469f9b86fabe32609b18c5b49f4cfb4c95fbb66490b7",
                "sha256:a13f451071b7bd00e773874ddf5de4618c121448312d3409dac93a0bcc71962e",
                "sha256:cd6e53cd76a23633ea9149822a5eefa246950657f9eef44b0fea3331e2a95749",
                "sha256:d6d7489211570cacd4fcc95aed6bb5a31fef71f900a221eaba1bf80874544d61",
                "sha256:e784bab1b24e2e01a4724b7be8c813848845ffa592b00a7e25add233697cc9ad"
            ],
            "version": "==5.1.2"
        },
        "rumps": {
            "hashes": [
                "sha256:c8df19347c661cac8906fffd410727c6000f978a6c8c44a2803a1786b35c4c1f",
                "sha256:e5ea41ce62312a0f1fa4280fc587bd8b5c6ff7ed0be219752c95f013109d148a"
            ],
            "index": "pypi",
            "version": "==0.3.0"
        }
    },
    "develop": {}
}
